// !$*UTF8*$!
{
	archiveVersion = 1;
	classes = {
	};
	objectVersion = 56;
	objects = {

/* Begin PBXBuildFile section */
		53B07B897A12195090827B97 /* Pods_QuickNimbleTestTests.framework in Frameworks */ = {isa = PBXBuildFile; fileRef = 0F3FB7B3D0D2D47BFF1D169D /* Pods_QuickNimbleTestTests.framework */; };
		58906F858BC2545D28D90043 /* Pods_QuickNimbleTest_QuickNimbleTestUITests.framework in Frameworks */ = {isa = PBXBuildFile; fileRef = 662591D2482F57D857660A4F /* Pods_QuickNimbleTest_QuickNimbleTestUITests.framework */; };
		89213FF72A9C22430018E236 /* QuickNimbleTestApp.swift in Sources */ = {isa = PBXBuildFile; fileRef = 89213FF62A9C22430018E236 /* QuickNimbleTestApp.swift */; };
		89213FF92A9C22430018E236 /* ContentView.swift in Sources */ = {isa = PBXBuildFile; fileRef = 89213FF82A9C22430018E236 /* ContentView.swift */; };
		89213FFB2A9C22460018E236 /* Assets.xcassets in Resources */ = {isa = PBXBuildFile; fileRef = 89213FFA2A9C22460018E236 /* Assets.xcassets */; };
		89213FFE2A9C22460018E236 /* Preview Assets.xcassets in Resources */ = {isa = PBXBuildFile; fileRef = 89213FFD2A9C22460018E236 /* Preview Assets.xcassets */; };
		892140082A9C22460018E236 /* QuickNimbleTestTests.swift in Sources */ = {isa = PBXBuildFile; fileRef = 892140072A9C22460018E236 /* QuickNimbleTestTests.swift */; };
		892140122A9C22460018E236 /* QuickNimbleTestUITests.swift in Sources */ = {isa = PBXBuildFile; fileRef = 892140112A9C22460018E236 /* QuickNimbleTestUITests.swift */; };
		892140142A9C22460018E236 /* QuickNimbleTestUITestsLaunchTests.swift in Sources */ = {isa = PBXBuildFile; fileRef = 892140132A9C22460018E236 /* QuickNimbleTestUITestsLaunchTests.swift */; };
		DE89C63E5C9BD391EC1E2E0A /* Pods_QuickNimbleTest.framework in Frameworks */ = {isa = PBXBuildFile; fileRef = 8A0E8D399DBD3119B726BB7F /* Pods_QuickNimbleTest.framework */; };
/* End PBXBuildFile section */

/* Begin PBXContainerItemProxy section */
		892140042A9C22460018E236 /* PBXContainerItemProxy */ = {
			isa = PBXContainerItemProxy;
			containerPortal = 89213FEB2A9C22430018E236 /* Project object */;
			proxyType = 1;
			remoteGlobalIDString = 89213FF22A9C22430018E236;
			remoteInfo = QuickNimbleTest;
		};
		8921400E2A9C22460018E236 /* PBXContainerItemProxy */ = {
			isa = PBXContainerItemProxy;
			containerPortal = 89213FEB2A9C22430018E236 /* Project object */;
			proxyType = 1;
			remoteGlobalIDString = 89213FF22A9C22430018E236;
			remoteInfo = QuickNimbleTest;
		};
/* End PBXContainerItemProxy section */

/* Begin PBXFileReference section */
		0F3FB7B3D0D2D47BFF1D169D /* Pods_QuickNimbleTestTests.framework */ = {isa = PBXFileReference; explicitFileType = wrapper.framework; includeInIndex = 0; path = Pods_QuickNimbleTestTests.framework; sourceTree = BUILT_PRODUCTS_DIR; };
		4FAA9DFADE2AD5436A8BE140 /* Pods-QuickNimbleTest.debug.xcconfig */ = {isa = PBXFileReference; includeInIndex = 1; lastKnownFileType = text.xcconfig; name = "Pods-QuickNimbleTest.debug.xcconfig"; path = "Target Support Files/Pods-QuickNimbleTest/Pods-QuickNimbleTest.debug.xcconfig"; sourceTree = "<group>"; };
		534EE26E83B8B968EE7ABE70 /* Pods-QuickNimbleTestTests.release.xcconfig */ = {isa = PBXFileReference; includeInIndex = 1; lastKnownFileType = text.xcconfig; name = "Pods-QuickNimbleTestTests.release.xcconfig"; path = "Target Support Files/Pods-QuickNimbleTestTests/Pods-QuickNimbleTestTests.release.xcconfig"; sourceTree = "<group>"; };
		662591D2482F57D857660A4F /* Pods_QuickNimbleTest_QuickNimbleTestUITests.framework */ = {isa = PBXFileReference; explicitFileType = wrapper.framework; includeInIndex = 0; path = Pods_QuickNimbleTest_QuickNimbleTestUITests.framework; sourceTree = BUILT_PRODUCTS_DIR; };
		89213FF32A9C22430018E236 /* QuickNimbleTest.app */ = {isa = PBXFileReference; explicitFileType = wrapper.application; includeInIndex = 0; path = QuickNimbleTest.app; sourceTree = BUILT_PRODUCTS_DIR; };
		89213FF62A9C22430018E236 /* QuickNimbleTestApp.swift */ = {isa = PBXFileReference; lastKnownFileType = sourcecode.swift; path = QuickNimbleTestApp.swift; sourceTree = "<group>"; };
		89213FF82A9C22430018E236 /* ContentView.swift */ = {isa = PBXFileReference; lastKnownFileType = sourcecode.swift; path = ContentView.swift; sourceTree = "<group>"; };
		89213FFA2A9C22460018E236 /* Assets.xcassets */ = {isa = PBXFileReference; lastKnownFileType = folder.assetcatalog; path = Assets.xcassets; sourceTree = "<group>"; };
		89213FFD2A9C22460018E236 /* Preview Assets.xcassets */ = {isa = PBXFileReference; lastKnownFileType = folder.assetcatalog; path = "Preview Assets.xcassets"; sourceTree = "<group>"; };
		892140032A9C22460018E236 /* QuickNimbleTestTests.xctest */ = {isa = PBXFileReference; explicitFileType = wrapper.cfbundle; includeInIndex = 0; path = QuickNimbleTestTests.xctest; sourceTree = BUILT_PRODUCTS_DIR; };
		892140072A9C22460018E236 /* QuickNimbleTestTests.swift */ = {isa = PBXFileReference; lastKnownFileType = sourcecode.swift; path = QuickNimbleTestTests.swift; sourceTree = "<group>"; };
		8921400D2A9C22460018E236 /* QuickNimbleTestUITests.xctest */ = {isa = PBXFileReference; explicitFileType = wrapper.cfbundle; includeInIndex = 0; path = QuickNimbleTestUITests.xctest; sourceTree = BUILT_PRODUCTS_DIR; };
		892140112A9C22460018E236 /* QuickNimbleTestUITests.swift */ = {isa = PBXFileReference; lastKnownFileType = sourcecode.swift; path = QuickNimbleTestUITests.swift; sourceTree = "<group>"; };
		892140132A9C22460018E236 /* QuickNimbleTestUITestsLaunchTests.swift */ = {isa = PBXFileReference; lastKnownFileType = sourcecode.swift; path = QuickNimbleTestUITestsLaunchTests.swift; sourceTree = "<group>"; };
		8A0E8D399DBD3119B726BB7F /* Pods_QuickNimbleTest.framework */ = {isa = PBXFileReference; explicitFileType = wrapper.framework; includeInIndex = 0; path = Pods_QuickNimbleTest.framework; sourceTree = BUILT_PRODUCTS_DIR; };
		937F5E169B737E649D971349 /* Pods-QuickNimbleTest.release.xcconfig */ = {isa = PBXFileReference; includeInIndex = 1; lastKnownFileType = text.xcconfig; name = "Pods-QuickNimbleTest.release.xcconfig"; path = "Target Support Files/Pods-QuickNimbleTest/Pods-QuickNimbleTest.release.xcconfig"; sourceTree = "<group>"; };
		CD4DED747A04B55FF9A0B729 /* Pods-QuickNimbleTest-QuickNimbleTestUITests.debug.xcconfig */ = {isa = PBXFileReference; includeInIndex = 1; lastKnownFileType = text.xcconfig; name = "Pods-QuickNimbleTest-QuickNimbleTestUITests.debug.xcconfig"; path = "Target Support Files/Pods-QuickNimbleTest-QuickNimbleTestUITests/Pods-QuickNimbleTest-QuickNimbleTestUITests.debug.xcconfig"; sourceTree = "<group>"; };
		E5904A670DEB66C8D1B22FFC /* Pods-QuickNimbleTest-QuickNimbleTestUITests.release.xcconfig */ = {isa = PBXFileReference; includeInIndex = 1; lastKnownFileType = text.xcconfig; name = "Pods-QuickNimbleTest-QuickNimbleTestUITests.release.xcconfig"; path = "Target Support Files/Pods-QuickNimbleTest-QuickNimbleTestUITests/Pods-QuickNimbleTest-QuickNimbleTestUITests.release.xcconfig"; sourceTree = "<group>"; };
		F9AF6A161F6A667CA0386166 /* Pods-QuickNimbleTestTests.debug.xcconfig */ = {isa = PBXFileReference; includeInIndex = 1; lastKnownFileType = text.xcconfig; name = "Pods-QuickNimbleTestTests.debug.xcconfig"; path = "Target Support Files/Pods-QuickNimbleTestTests/Pods-QuickNimbleTestTests.debug.xcconfig"; sourceTree = "<group>"; };
/* End PBXFileReference section */

/* Begin PBXFrameworksBuildPhase section */
		89213FF02A9C22430018E236 /* Frameworks */ = {
			isa = PBXFrameworksBuildPhase;
			buildActionMask = 2147483647;
			files = (
				DE89C63E5C9BD391EC1E2E0A /* Pods_QuickNimbleTest.framework in Frameworks */,
			);
			runOnlyForDeploymentPostprocessing = 0;
		};
		892140002A9C22460018E236 /* Frameworks */ = {
			isa = PBXFrameworksBuildPhase;
			buildActionMask = 2147483647;
			files = (
				53B07B897A12195090827B97 /* Pods_QuickNimbleTestTests.framework in Frameworks */,
			);
			runOnlyForDeploymentPostprocessing = 0;
		};
		8921400A2A9C22460018E236 /* Frameworks */ = {
			isa = PBXFrameworksBuildPhase;
			buildActionMask = 2147483647;
			files = (
				58906F858BC2545D28D90043 /* Pods_QuickNimbleTest_QuickNimbleTestUITests.framework in Frameworks */,
			);
			runOnlyForDeploymentPostprocessing = 0;
		};
/* End PBXFrameworksBuildPhase section */

/* Begin PBXGroup section */
		89213FEA2A9C22430018E236 = {
			isa = PBXGroup;
			children = (
				89213FF52A9C22430018E236 /* QuickNimbleTest */,
				892140062A9C22460018E236 /* QuickNimbleTestTests */,
				892140102A9C22460018E236 /* QuickNimbleTestUITests */,
				89213FF42A9C22430018E236 /* Products */,
				F3A085EEA41A59F7C4360E2F /* Pods */,
				A6E37F518551B1D111ECAF08 /* Frameworks */,
			);
			sourceTree = "<group>";
		};
		89213FF42A9C22430018E236 /* Products */ = {
			isa = PBXGroup;
			children = (
				89213FF32A9C22430018E236 /* QuickNimbleTest.app */,
				892140032A9C22460018E236 /* QuickNimbleTestTests.xctest */,
				8921400D2A9C22460018E236 /* QuickNimbleTestUITests.xctest */,
			);
			name = Products;
			sourceTree = "<group>";
		};
		89213FF52A9C22430018E236 /* QuickNimbleTest */ = {
			isa = PBXGroup;
			children = (
				892140202A9C22C50018E236 /* Classes */,
				89213FF62A9C22430018E236 /* QuickNimbleTestApp.swift */,
				89213FF82A9C22430018E236 /* ContentView.swift */,
				89213FFA2A9C22460018E236 /* Assets.xcassets */,
				89213FFC2A9C22460018E236 /* Preview Content */,
			);
			path = QuickNimbleTest;
			sourceTree = "<group>";
		};
		89213FFC2A9C22460018E236 /* Preview Content */ = {
			isa = PBXGroup;
			children = (
				89213FFD2A9C22460018E236 /* Preview Assets.xcassets */,
			);
			path = "Preview Content";
			sourceTree = "<group>";
		};
		892140062A9C22460018E236 /* QuickNimbleTestTests */ = {
			isa = PBXGroup;
			children = (
				892140072A9C22460018E236 /* QuickNimbleTestTests.swift */,
			);
			path = QuickNimbleTestTests;
			sourceTree = "<group>";
		};
		892140102A9C22460018E236 /* QuickNimbleTestUITests */ = {
			isa = PBXGroup;
			children = (
				892140112A9C22460018E236 /* QuickNimbleTestUITests.swift */,
				892140132A9C22460018E236 /* QuickNimbleTestUITestsLaunchTests.swift */,
			);
			path = QuickNimbleTestUITests;
			sourceTree = "<group>";
		};
		892140202A9C22C50018E236 /* Classes */ = {
			isa = PBXGroup;
			children = (
			);
			path = Classes;
			sourceTree = "<group>";
		};
		A6E37F518551B1D111ECAF08 /* Frameworks */ = {
			isa = PBXGroup;
			children = (
				8A0E8D399DBD3119B726BB7F /* Pods_QuickNimbleTest.framework */,
				662591D2482F57D857660A4F /* Pods_QuickNimbleTest_QuickNimbleTestUITests.framework */,
				0F3FB7B3D0D2D47BFF1D169D /* Pods_QuickNimbleTestTests.framework */,
			);
			name = Frameworks;
			sourceTree = "<group>";
		};
		F3A085EEA41A59F7C4360E2F /* Pods */ = {
			isa = PBXGroup;
			children = (
				4FAA9DFADE2AD5436A8BE140 /* Pods-QuickNimbleTest.debug.xcconfig */,
				937F5E169B737E649D971349 /* Pods-QuickNimbleTest.release.xcconfig */,
				CD4DED747A04B55FF9A0B729 /* Pods-QuickNimbleTest-QuickNimbleTestUITests.debug.xcconfig */,
				E5904A670DEB66C8D1B22FFC /* Pods-QuickNimbleTest-QuickNimbleTestUITests.release.xcconfig */,
				F9AF6A161F6A667CA0386166 /* Pods-QuickNimbleTestTests.debug.xcconfig */,
				534EE26E83B8B968EE7ABE70 /* Pods-QuickNimbleTestTests.release.xcconfig */,
			);
			path = Pods;
			sourceTree = "<group>";
		};
/* End PBXGroup section */

/* Begin PBXNativeTarget section */
		89213FF22A9C22430018E236 /* QuickNimbleTest */ = {
			isa = PBXNativeTarget;
			buildConfigurationList = 892140172A9C22460018E236 /* Build configuration list for PBXNativeTarget "QuickNimbleTest" */;
			buildPhases = (
				1521E853AC46C78E62202B91 /* [CP] Check Pods Manifest.lock */,
				89213FEF2A9C22430018E236 /* Sources */,
				89213FF02A9C22430018E236 /* Frameworks */,
				89213FF12A9C22430018E236 /* Resources */,
			);
			buildRules = (
			);
			dependencies = (
			);
			name = QuickNimbleTest;
			productName = QuickNimbleTest;
			productReference = 89213FF32A9C22430018E236 /* QuickNimbleTest.app */;
			productType = "com.apple.product-type.application";
		};
		892140022A9C22460018E236 /* QuickNimbleTestTests */ = {
			isa = PBXNativeTarget;
			buildConfigurationList = 8921401A2A9C22460018E236 /* Build configuration list for PBXNativeTarget "QuickNimbleTestTests" */;
			buildPhases = (
				73D7488B5D8BFAF279613221 /* [CP] Check Pods Manifest.lock */,
				89213FFF2A9C22460018E236 /* Sources */,
				892140002A9C22460018E236 /* Frameworks */,
				892140012A9C22460018E236 /* Resources */,
				76E577535AD48038F2F408FC /* [CP] Embed Pods Frameworks */,
			);
			buildRules = (
			);
			dependencies = (
				892140052A9C22460018E236 /* PBXTargetDependency */,
			);
			name = QuickNimbleTestTests;
			productName = QuickNimbleTestTests;
			productReference = 892140032A9C22460018E236 /* QuickNimbleTestTests.xctest */;
			productType = "com.apple.product-type.bundle.unit-test";
		};
		8921400C2A9C22460018E236 /* QuickNimbleTestUITests */ = {
			isa = PBXNativeTarget;
			buildConfigurationList = 8921401D2A9C22460018E236 /* Build configuration list for PBXNativeTarget "QuickNimbleTestUITests" */;
			buildPhases = (
				5509B7C3FBEA90C829DFE7B2 /* [CP] Check Pods Manifest.lock */,
				892140092A9C22460018E236 /* Sources */,
				8921400A2A9C22460018E236 /* Frameworks */,
				8921400B2A9C22460018E236 /* Resources */,
			);
			buildRules = (
			);
			dependencies = (
				8921400F2A9C22460018E236 /* PBXTargetDependency */,
			);
			name = QuickNimbleTestUITests;
			productName = QuickNimbleTestUITests;
			productReference = 8921400D2A9C22460018E236 /* QuickNimbleTestUITests.xctest */;
			productType = "com.apple.product-type.bundle.ui-testing";
		};
/* End PBXNativeTarget section */

/* Begin PBXProject section */
		89213FEB2A9C22430018E236 /* Project object */ = {
			isa = PBXProject;
			attributes = {
				BuildIndependentTargetsInParallel = 1;
				LastSwiftUpdateCheck = 1430;
				LastUpgradeCheck = 1430;
				TargetAttributes = {
					89213FF22A9C22430018E236 = {
						CreatedOnToolsVersion = 14.3.1;
					};
					892140022A9C22460018E236 = {
						CreatedOnToolsVersion = 14.3.1;
						TestTargetID = 89213FF22A9C22430018E236;
					};
					8921400C2A9C22460018E236 = {
						CreatedOnToolsVersion = 14.3.1;
						TestTargetID = 89213FF22A9C22430018E236;
					};
				};
			};
			buildConfigurationList = 89213FEE2A9C22430018E236 /* Build configuration list for PBXProject "QuickNimbleTest" */;
			compatibilityVersion = "Xcode 14.0";
			developmentRegion = en;
			hasScannedForEncodings = 0;
			knownRegions = (
				en,
				Base,
			);
			mainGroup = 89213FEA2A9C22430018E236;
			productRefGroup = 89213FF42A9C22430018E236 /* Products */;
			projectDirPath = "";
			projectRoot = "";
			targets = (
				89213FF22A9C22430018E236 /* QuickNimbleTest */,
				892140022A9C22460018E236 /* QuickNimbleTestTests */,
				8921400C2A9C22460018E236 /* QuickNimbleTestUITests */,
			);
		};
/* End PBXProject section */

/* Begin PBXResourcesBuildPhase section */
		89213FF12A9C22430018E236 /* Resources */ = {
			isa = PBXResourcesBuildPhase;
			buildActionMask = 2147483647;
			files = (
				89213FFE2A9C22460018E236 /* Preview Assets.xcassets in Resources */,
				89213FFB2A9C22460018E236 /* Assets.xcassets in Resources */,
			);
			runOnlyForDeploymentPostprocessing = 0;
		};
		892140012A9C22460018E236 /* Resources */ = {
			isa = PBXResourcesBuildPhase;
			buildActionMask = 2147483647;
			files = (
			);
			runOnlyForDeploymentPostprocessing = 0;
		};
		8921400B2A9C22460018E236 /* Resources */ = {
			isa = PBXResourcesBuildPhase;
			buildActionMask = 2147483647;
			files = (
			);
			runOnlyForDeploymentPostprocessing = 0;
		};
/* End PBXResourcesBuildPhase section */

/* Begin PBXShellScriptBuildPhase section */
		1521E853AC46C78E62202B91 /* [CP] Check Pods Manifest.lock */ = {
			isa = PBXShellScriptBuildPhase;
			buildActionMask = 2147483647;
			files = (
			);
			inputFileListPaths = (
			);
			inputPaths = (
				"${PODS_PODFILE_DIR_PATH}/Podfile.lock",
				"${PODS_ROOT}/Manifest.lock",
			);
			name = "[CP] Check Pods Manifest.lock";
			outputFileListPaths = (
			);
			outputPaths = (
				"$(DERIVED_FILE_DIR)/Pods-QuickNimbleTest-checkManifestLockResult.txt",
			);
			runOnlyForDeploymentPostprocessing = 0;
			shellPath = /bin/sh;
			shellScript = "diff \"${PODS_PODFILE_DIR_PATH}/Podfile.lock\" \"${PODS_ROOT}/Manifest.lock\" > /dev/null\nif [ $? != 0 ] ; then\n    # print error to STDERR\n    echo \"error: The sandbox is not in sync with the Podfile.lock. Run 'pod install' or update your CocoaPods installation.\" >&2\n    exit 1\nfi\n# This output is used by Xcode 'outputs' to avoid re-running this script phase.\necho \"SUCCESS\" > \"${SCRIPT_OUTPUT_FILE_0}\"\n";
			showEnvVarsInLog = 0;
		};
		5509B7C3FBEA90C829DFE7B2 /* [CP] Check Pods Manifest.lock */ = {
			isa = PBXShellScriptBuildPhase;
			buildActionMask = 2147483647;
			files = (
			);
			inputFileListPaths = (
			);
			inputPaths = (
				"${PODS_PODFILE_DIR_PATH}/Podfile.lock",
				"${PODS_ROOT}/Manifest.lock",
			);
			name = "[CP] Check Pods Manifest.lock";
			outputFileListPaths = (
			);
			outputPaths = (
				"$(DERIVED_FILE_DIR)/Pods-QuickNimbleTest-QuickNimbleTestUITests-checkManifestLockResult.txt",
			);
			runOnlyForDeploymentPostprocessing = 0;
			shellPath = /bin/sh;
			shellScript = "diff \"${PODS_PODFILE_DIR_PATH}/Podfile.lock\" \"${PODS_ROOT}/Manifest.lock\" > /dev/null\nif [ $? != 0 ] ; then\n    # print error to STDERR\n    echo \"error: The sandbox is not in sync with the Podfile.lock. Run 'pod install' or update your CocoaPods installation.\" >&2\n    exit 1\nfi\n# This output is used by Xcode 'outputs' to avoid re-running this script phase.\necho \"SUCCESS\" > \"${SCRIPT_OUTPUT_FILE_0}\"\n";
			showEnvVarsInLog = 0;
		};
		73D7488B5D8BFAF279613221 /* [CP] Check Pods Manifest.lock */ = {
			isa = PBXShellScriptBuildPhase;
			buildActionMask = 2147483647;
			files = (
			);
			inputFileListPaths = (
			);
			inputPaths = (
				"${PODS_PODFILE_DIR_PATH}/Podfile.lock",
				"${PODS_ROOT}/Manifest.lock",
			);
			name = "[CP] Check Pods Manifest.lock";
			outputFileListPaths = (
			);
			outputPaths = (
				"$(DERIVED_FILE_DIR)/Pods-QuickNimbleTestTests-checkManifestLockResult.txt",
			);
			runOnlyForDeploymentPostprocessing = 0;
			shellPath = /bin/sh;
			shellScript = "diff \"${PODS_PODFILE_DIR_PATH}/Podfile.lock\" \"${PODS_ROOT}/Manifest.lock\" > /dev/null\nif [ $? != 0 ] ; then\n    # print error to STDERR\n    echo \"error: The sandbox is not in sync with the Podfile.lock. Run 'pod install' or update your CocoaPods installation.\" >&2\n    exit 1\nfi\n# This output is used by Xcode 'outputs' to avoid re-running this script phase.\necho \"SUCCESS\" > \"${SCRIPT_OUTPUT_FILE_0}\"\n";
			showEnvVarsInLog = 0;
		};
		76E577535AD48038F2F408FC /* [CP] Embed Pods Frameworks */ = {
			isa = PBXShellScriptBuildPhase;
			buildActionMask = 2147483647;
			files = (
			);
			inputFileListPaths = (
				"${PODS_ROOT}/Target Support Files/Pods-QuickNimbleTestTests/Pods-QuickNimbleTestTests-frameworks-${CONFIGURATION}-input-files.xcfilelist",
			);
			name = "[CP] Embed Pods Frameworks";
			outputFileListPaths = (
				"${PODS_ROOT}/Target Support Files/Pods-QuickNimbleTestTests/Pods-QuickNimbleTestTests-frameworks-${CONFIGURATION}-output-files.xcfilelist",
			);
			runOnlyForDeploymentPostprocessing = 0;
			shellPath = /bin/sh;
			shellScript = "\"${PODS_ROOT}/Target Support Files/Pods-QuickNimbleTestTests/Pods-QuickNimbleTestTests-frameworks.sh\"\n";
			showEnvVarsInLog = 0;
		};
/* End PBXShellScriptBuildPhase section */

/* Begin PBXSourcesBuildPhase section */
		89213FEF2A9C22430018E236 /* Sources */ = {
			isa = PBXSourcesBuildPhase;
			buildActionMask = 2147483647;
			files = (
				89213FF92A9C22430018E236 /* ContentView.swift in Sources */,
				89213FF72A9C22430018E236 /* QuickNimbleTestApp.swift in Sources */,
			);
			runOnlyForDeploymentPostprocessing = 0;
		};
		89213FFF2A9C22460018E236 /* Sources */ = {
			isa = PBXSourcesBuildPhase;
			buildActionMask = 2147483647;
			files = (
				892140082A9C22460018E236 /* QuickNimbleTestTests.swift in Sources */,
			);
			runOnlyForDeploymentPostprocessing = 0;
		};
		892140092A9C22460018E236 /* Sources */ = {
			isa = PBXSourcesBuildPhase;
			buildActionMask = 2147483647;
			files = (
				892140122A9C22460018E236 /* QuickNimbleTestUITests.swift in Sources */,
				892140142A9C22460018E236 /* QuickNimbleTestUITestsLaunchTests.swift in Sources */,
			);
			runOnlyForDeploymentPostprocessing = 0;
		};
/* End PBXSourcesBuildPhase section */

/* Begin PBXTargetDependency section */
		892140052A9C22460018E236 /* PBXTargetDependency */ = {
			isa = PBXTargetDependency;
			target = 89213FF22A9C22430018E236 /* QuickNimbleTest */;
			targetProxy = 892140042A9C22460018E236 /* PBXContainerItemProxy */;
		};
		8921400F2A9C22460018E236 /* PBXTargetDependency */ = {
			isa = PBXTargetDependency;
			target = 89213FF22A9C22430018E236 /* QuickNimbleTest */;
			targetProxy = 8921400E2A9C22460018E236 /* PBXContainerItemProxy */;
		};
/* End PBXTargetDependency section */

/* Begin XCBuildConfiguration section */
		892140152A9C22460018E236 /* Debug */ = {
			isa = XCBuildConfiguration;
			buildSettings = {
				ALWAYS_SEARCH_USER_PATHS = NO;
				CLANG_ANALYZER_NONNULL = YES;
				CLANG_ANALYZER_NUMBER_OBJECT_CONVERSION = YES_AGGRESSIVE;
				CLANG_CXX_LANGUAGE_STANDARD = "gnu++20";
				CLANG_ENABLE_MODULES = YES;
				CLANG_ENABLE_OBJC_ARC = YES;
				CLANG_ENABLE_OBJC_WEAK = YES;
				CLANG_WARN_BLOCK_CAPTURE_AUTORELEASING = YES;
				CLANG_WARN_BOOL_CONVERSION = YES;
				CLANG_WARN_COMMA = YES;
				CLANG_WARN_CONSTANT_CONVERSION = YES;
				CLANG_WARN_DEPRECATED_OBJC_IMPLEMENTATIONS = YES;
				CLANG_WARN_DIRECT_OBJC_ISA_USAGE = YES_ERROR;
				CLANG_WARN_DOCUMENTATION_COMMENTS = YES;
				CLANG_WARN_EMPTY_BODY = YES;
				CLANG_WARN_ENUM_CONVERSION = YES;
				CLANG_WARN_INFINITE_RECURSION = YES;
				CLANG_WARN_INT_CONVERSION = YES;
				CLANG_WARN_NON_LITERAL_NULL_CONVERSION = YES;
				CLANG_WARN_OBJC_IMPLICIT_RETAIN_SELF = YES;
				CLANG_WARN_OBJC_LITERAL_CONVERSION = YES;
				CLANG_WARN_OBJC_ROOT_CLASS = YES_ERROR;
				CLANG_WARN_QUOTED_INCLUDE_IN_FRAMEWORK_HEADER = YES;
				CLANG_WARN_RANGE_LOOP_ANALYSIS = YES;
				CLANG_WARN_STRICT_PROTOTYPES = YES;
				CLANG_WARN_SUSPICIOUS_MOVE = YES;
				CLANG_WARN_UNGUARDED_AVAILABILITY = YES_AGGRESSIVE;
				CLANG_WARN_UNREACHABLE_CODE = YES;
				CLANG_WARN__DUPLICATE_METHOD_MATCH = YES;
				COPY_PHASE_STRIP = NO;
				DEBUG_INFORMATION_FORMAT = dwarf;
				ENABLE_STRICT_OBJC_MSGSEND = YES;
				ENABLE_TESTABILITY = YES;
				GCC_C_LANGUAGE_STANDARD = gnu11;
				GCC_DYNAMIC_NO_PIC = NO;
				GCC_NO_COMMON_BLOCKS = YES;
				GCC_OPTIMIZATION_LEVEL = 0;
				GCC_PREPROCESSOR_DEFINITIONS = (
					"DEBUG=1",
					"$(inherited)",
				);
				GCC_WARN_64_TO_32_BIT_CONVERSION = YES;
				GCC_WARN_ABOUT_RETURN_TYPE = YES_ERROR;
				GCC_WARN_UNDECLARED_SELECTOR = YES;
				GCC_WARN_UNINITIALIZED_AUTOS = YES_AGGRESSIVE;
				GCC_WARN_UNUSED_FUNCTION = YES;
				GCC_WARN_UNUSED_VARIABLE = YES;
				IPHONEOS_DEPLOYMENT_TARGET = 16.4;
				MTL_ENABLE_DEBUG_INFO = INCLUDE_SOURCE;
				MTL_FAST_MATH = YES;
				ONLY_ACTIVE_ARCH = YES;
				SDKROOT = iphoneos;
				SWIFT_ACTIVE_COMPILATION_CONDITIONS = DEBUG;
				SWIFT_OPTIMIZATION_LEVEL = "-Onone";
			};
			name = Debug;
		};
		892140162A9C22460018E236 /* Release */ = {
			isa = XCBuildConfiguration;
			buildSettings = {
				ALWAYS_SEARCH_USER_PATHS = NO;
				CLANG_ANALYZER_NONNULL = YES;
				CLANG_ANALYZER_NUMBER_OBJECT_CONVERSION = YES_AGGRESSIVE;
				CLANG_CXX_LANGUAGE_STANDARD = "gnu++20";
				CLANG_ENABLE_MODULES = YES;
				CLANG_ENABLE_OBJC_ARC = YES;
				CLANG_ENABLE_OBJC_WEAK = YES;
				CLANG_WARN_BLOCK_CAPTURE_AUTORELEASING = YES;
				CLANG_WARN_BOOL_CONVERSION = YES;
				CLANG_WARN_COMMA = YES;
				CLANG_WARN_CONSTANT_CONVERSION = YES;
				CLANG_WARN_DEPRECATED_OBJC_IMPLEMENTATIONS = YES;
				CLANG_WARN_DIRECT_OBJC_ISA_USAGE = YES_ERROR;
				CLANG_WARN_DOCUMENTATION_COMMENTS = YES;
				CLANG_WARN_EMPTY_BODY = YES;
				CLANG_WARN_ENUM_CONVERSION = YES;
				CLANG_WARN_INFINITE_RECURSION = YES;
				CLANG_WARN_INT_CONVERSION = YES;
				CLANG_WARN_NON_LITERAL_NULL_CONVERSION = YES;
				CLANG_WARN_OBJC_IMPLICIT_RETAIN_SELF = YES;
				CLANG_WARN_OBJC_LITERAL_CONVERSION = YES;
				CLANG_WARN_OBJC_ROOT_CLASS = YES_ERROR;
				CLANG_WARN_QUOTED_INCLUDE_IN_FRAMEWORK_HEADER = YES;
				CLANG_WARN_RANGE_LOOP_ANALYSIS = YES;
				CLANG_WARN_STRICT_PROTOTYPES = YES;
				CLANG_WARN_SUSPICIOUS_MOVE = YES;
				CLANG_WARN_UNGUARDED_AVAILABILITY = YES_AGGRESSIVE;
				CLANG_WARN_UNREACHABLE_CODE = YES;
				CLANG_WARN__DUPLICATE_METHOD_MATCH = YES;
				COPY_PHASE_STRIP = NO;
				DEBUG_INFORMATION_FORMAT = "dwarf-with-dsym";
				ENABLE_NS_ASSERTIONS = NO;
				ENABLE_STRICT_OBJC_MSGSEND = YES;
				GCC_C_LANGUAGE_STANDARD = gnu11;
				GCC_NO_COMMON_BLOCKS = YES;
				GCC_WARN_64_TO_32_BIT_CONVERSION = YES;
				GCC_WARN_ABOUT_RETURN_TYPE = YES_ERROR;
				GCC_WARN_UNDECLARED_SELECTOR = YES;
				GCC_WARN_UNINITIALIZED_AUTOS = YES_AGGRESSIVE;
				GCC_WARN_UNUSED_FUNCTION = YES;
				GCC_WARN_UNUSED_VARIABLE = YES;
				IPHONEOS_DEPLOYMENT_TARGET = 16.4;
				MTL_ENABLE_DEBUG_INFO = NO;
				MTL_FAST_MATH = YES;
				SDKROOT = iphoneos;
				SWIFT_COMPILATION_MODE = wholemodule;
				SWIFT_OPTIMIZATION_LEVEL = "-O";
				VALIDATE_PRODUCT = YES;
			};
			name = Release;
		};
		892140182A9C22460018E236 /* Debug */ = {
			isa = XCBuildConfiguration;
			baseConfigurationReference = 4FAA9DFADE2AD5436A8BE140 /* Pods-QuickNimbleTest.debug.xcconfig */;
			buildSettings = {
				ASSETCATALOG_COMPILER_APPICON_NAME = AppIcon;
				ASSETCATALOG_COMPILER_GLOBAL_ACCENT_COLOR_NAME = AccentColor;
				CODE_SIGN_STYLE = Automatic;
				CURRENT_PROJECT_VERSION = 1;
				DEVELOPMENT_ASSET_PATHS = "\"QuickNimbleTest/Preview Content\"";
				ENABLE_PREVIEWS = YES;
				GENERATE_INFOPLIST_FILE = YES;
				INFOPLIST_KEY_UIApplicationSceneManifest_Generation = YES;
				INFOPLIST_KEY_UIApplicationSupportsIndirectInputEvents = YES;
				INFOPLIST_KEY_UILaunchScreen_Generation = YES;
				INFOPLIST_KEY_UISupportedInterfaceOrientations_iPad = "UIInterfaceOrientationPortrait UIInterfaceOrientationPortraitUpsideDown UIInterfaceOrientationLandscapeLeft UIInterfaceOrientationLandscapeRight";
				INFOPLIST_KEY_UISupportedInterfaceOrientations_iPhone = "UIInterfaceOrientationPortrait UIInterfaceOrientationLandscapeLeft UIInterfaceOrientationLandscapeRight";
				LD_RUNPATH_SEARCH_PATHS = (
					"$(inherited)",
					"@executable_path/Frameworks",
				);
				MARKETING_VERSION = 1.0;
				PRODUCT_BUNDLE_IDENTIFIER = com.example.QuickNimbleTest;
				PRODUCT_NAME = "$(TARGET_NAME)";
				SWIFT_EMIT_LOC_STRINGS = YES;
				SWIFT_VERSION = 5.0;
				TARGETED_DEVICE_FAMILY = "1,2";
			};
			name = Debug;
		};
		892140192A9C22460018E236 /* Release */ = {
			isa = XCBuildConfiguration;
			baseConfigurationReference = 937F5E169B737E649D971349 /* Pods-QuickNimbleTest.release.xcconfig */;
			buildSettings = {
				ASSETCATALOG_COMPILER_APPICON_NAME = AppIcon;
				ASSETCATALOG_COMPILER_GLOBAL_ACCENT_COLOR_NAME = AccentColor;
				CODE_SIGN_STYLE = Automatic;
				CURRENT_PROJECT_VERSION = 1;
				DEVELOPMENT_ASSET_PATHS = "\"QuickNimbleTest/Preview Content\"";
				ENABLE_PREVIEWS = YES;
				GENERATE_INFOPLIST_FILE = YES;
				INFOPLIST_KEY_UIApplicationSceneManifest_Generation = YES;
				INFOPLIST_KEY_UIApplicationSupportsIndirectInputEvents = YES;
				INFOPLIST_KEY_UILaunchScreen_Generation = YES;
				INFOPLIST_KEY_UISupportedInterfaceOrientations_iPad = "UIInterfaceOrientationPortrait UIInterfaceOrientationPortraitUpsideDown UIInterfaceOrientationLandscapeLeft UIInterfaceOrientationLandscapeRight";
				INFOPLIST_KEY_UISupportedInterfaceOrientations_iPhone = "UIInterfaceOrientationPortrait UIInterfaceOrientationLandscapeLeft UIInterfaceOrientationLandscapeRight";
				LD_RUNPATH_SEARCH_PATHS = (
					"$(inherited)",
					"@executable_path/Frameworks",
				);
				MARKETING_VERSION = 1.0;
				PRODUCT_BUNDLE_IDENTIFIER = com.example.QuickNimbleTest;
				PRODUCT_NAME = "$(TARGET_NAME)";
				SWIFT_EMIT_LOC_STRINGS = YES;
				SWIFT_VERSION = 5.0;
				TARGETED_DEVICE_FAMILY = "1,2";
			};
			name = Release;
		};
		8921401B2A9C22460018E236 /* Debug */ = {
			isa = XCBuildConfiguration;
			baseConfigurationReference = F9AF6A161F6A667CA0386166 /* Pods-QuickNimbleTestTests.debug.xcconfig */;
			buildSettings = {
				ALWAYS_EMBED_SWIFT_STANDARD_LIBRARIES = YES;
				BUNDLE_LOADER = "$(TEST_HOST)";
				CODE_SIGN_STYLE = Automatic;
				CURRENT_PROJECT_VERSION = 1;
				GENERATE_INFOPLIST_FILE = YES;
				IPHONEOS_DEPLOYMENT_TARGET = 16.4;
				MARKETING_VERSION = 1.0;
				PRODUCT_BUNDLE_IDENTIFIER = com.example.QuickNimbleTestTests;
				PRODUCT_NAME = "$(TARGET_NAME)";
				SWIFT_EMIT_LOC_STRINGS = NO;
				SWIFT_VERSION = 5.0;
				TARGETED_DEVICE_FAMILY = "1,2";
				TEST_HOST = "$(BUILT_PRODUCTS_DIR)/QuickNimbleTest.app/$(BUNDLE_EXECUTABLE_FOLDER_PATH)/QuickNimbleTest";
			};
			name = Debug;
		};
		8921401C2A9C22460018E236 /* Release */ = {
			isa = XCBuildConfiguration;
			baseConfigurationReference = 534EE26E83B8B968EE7ABE70 /* Pods-QuickNimbleTestTests.release.xcconfig */;
			buildSettings = {
				ALWAYS_EMBED_SWIFT_STANDARD_LIBRARIES = YES;
				BUNDLE_LOADER = "$(TEST_HOST)";
				CODE_SIGN_STYLE = Automatic;
				CURRENT_PROJECT_VERSION = 1;
				GENERATE_INFOPLIST_FILE = YES;
				IPHONEOS_DEPLOYMENT_TARGET = 16.4;
				MARKETING_VERSION = 1.0;
				PRODUCT_BUNDLE_IDENTIFIER = com.example.QuickNimbleTestTests;
				PRODUCT_NAME = "$(TARGET_NAME)";
				SWIFT_EMIT_LOC_STRINGS = NO;
				SWIFT_VERSION = 5.0;
				TARGETED_DEVICE_FAMILY = "1,2";
				TEST_HOST = "$(BUILT_PRODUCTS_DIR)/QuickNimbleTest.app/$(BUNDLE_EXECUTABLE_FOLDER_PATH)/QuickNimbleTest";
			};
			name = Release;
		};
		8921401E2A9C22460018E236 /* Debug */ = {
			isa = XCBuildConfiguration;
			baseConfigurationReference = CD4DED747A04B55FF9A0B729 /* Pods-QuickNimbleTest-QuickNimbleTestUITests.debug.xcconfig */;
			buildSettings = {
				ALWAYS_EMBED_SWIFT_STANDARD_LIBRARIES = YES;
				CODE_SIGN_STYLE = Automatic;
				CURRENT_PROJECT_VERSION = 1;
				GENERATE_INFOPLIST_FILE = YES;
				MARKETING_VERSION = 1.0;
				PRODUCT_BUNDLE_IDENTIFIER = com.example.QuickNimbleTestUITests;
				PRODUCT_NAME = "$(TARGET_NAME)";
				SWIFT_EMIT_LOC_STRINGS = NO;
				SWIFT_VERSION = 5.0;
				TARGETED_DEVICE_FAMILY = "1,2";
				TEST_TARGET_NAME = QuickNimbleTest;
			};
			name = Debug;
		};
		8921401F2A9C22460018E236 /* Release */ = {
			isa = XCBuildConfiguration;
			baseConfigurationReference = E5904A670DEB66C8D1B22FFC /* Pods-QuickNimbleTest-QuickNimbleTestUITests.release.xcconfig */;
			buildSettings = {
				ALWAYS_EMBED_SWIFT_STANDARD_LIBRARIES = YES;
				CODE_SIGN_STYLE = Automatic;
				CURRENT_PROJECT_VERSION = 1;
				GENERATE_INFOPLIST_FILE = YES;
				MARKETING_VERSION = 1.0;
				PRODUCT_BUNDLE_IDENTIFIER = com.example.QuickNimbleTestUITests;
				PRODUCT_NAME = "$(TARGET_NAME)";
				SWIFT_EMIT_LOC_STRINGS = NO;
				SWIFT_VERSION = 5.0;
				TARGETED_DEVICE_FAMILY = "1,2";
				TEST_TARGET_NAME = QuickNimbleTest;
			};
			name = Release;
		};
/* End XCBuildConfiguration section */

/* Begin XCConfigurationList section */
		89213FEE2A9C22430018E236 /* Build configuration list for PBXProject "QuickNimbleTest" */ = {
			isa = XCConfigurationList;
			buildConfigurations = (
				892140152A9C22460018E236 /* Debug */,
				892140162A9C22460018E236 /* Release */,
			);
			defaultConfigurationIsVisible = 0;
			defaultConfigurationName = Release;
		};
		892140172A9C22460018E236 /* Build configuration list for PBXNativeTarget "QuickNimbleTest" */ = {
			isa = XCConfigurationList;
			buildConfigurations = (
				892140182A9C22460018E236 /* Debug */,
				892140192A9C22460018E236 /* Release */,
			);
			defaultConfigurationIsVisible = 0;
			defaultConfigurationName = Release;
		};
		8921401A2A9C22460018E236 /* Build configuration list for PBXNativeTarget "QuickNimbleTestTests" */ = {
			isa = XCConfigurationList;
			buildConfigurations = (
				8921401B2A9C22460018E236 /* Debug */,
				8921401C2A9C22460018E236 /* Release */,
			);
			defaultConfigurationIsVisible = 0;
			defaultConfigurationName = Release;
		};
		8921401D2A9C22460018E236 /* Build configuration list for PBXNativeTarget "QuickNimbleTestUITests" */ = {
			isa = XCConfigurationList;
			buildConfigurations = (
				8921401E2A9C22460018E236 /* Debug */,
				8921401F2A9C22460018E236 /* Release */,
			);
			defaultConfigurationIsVisible = 0;
			defaultConfigurationName = Release;
		};
/* End XCConfigurationList section */
	};
	rootObject = 89213FEB2A9C22430018E236 /* Project object */;
}
